// !$*UTF8*$!
{
	archiveVersion = 1;
	classes = {
	};
	objectVersion = 50;
	objects = {

/* Begin PBXBuildFile section */
		4E569C95454E4686412FC8D7 /* Pods_Todoey.framework in Frameworks */ = {isa = PBXBuildFile; fileRef = D4532C1B41EA8F0579A54620 /* Pods_Todoey.framework */; };
		88079D9021F1A2D2003870D0 /* Data.swift in Sources */ = {isa = PBXBuildFile; fileRef = 88079D8F21F1A2D2003870D0 /* Data.swift */; };
		886166EE21EEB5FD002EF209 /* Default-568h@2x.png in Resources */ = {isa = PBXBuildFile; fileRef = 886166ED21EEB5FD002EF209 /* Default-568h@2x.png */; };
		EB8C6D6421F09350007519C7 /* CategoryViewController.swift in Sources */ = {isa = PBXBuildFile; fileRef = EB8C6D6321F09350007519C7 /* CategoryViewController.swift */; };
		EBB39ADE21EF4420000A8F13 /* DataModel.xcdatamodeld in Sources */ = {isa = PBXBuildFile; fileRef = EBB39ADC21EF4420000A8F13 /* DataModel.xcdatamodeld */; };
		EBF8A53D21EDE2F700B69988 /* AppDelegate.swift in Sources */ = {isa = PBXBuildFile; fileRef = EBF8A53C21EDE2F700B69988 /* AppDelegate.swift */; };
		EBF8A53F21EDE2F700B69988 /* TodoListViewController.swift in Sources */ = {isa = PBXBuildFile; fileRef = EBF8A53E21EDE2F700B69988 /* TodoListViewController.swift */; };
		EBF8A54221EDE2F700B69988 /* Main.storyboard in Resources */ = {isa = PBXBuildFile; fileRef = EBF8A54021EDE2F700B69988 /* Main.storyboard */; };
		EBF8A54421EDE2F700B69988 /* Assets.xcassets in Resources */ = {isa = PBXBuildFile; fileRef = EBF8A54321EDE2F700B69988 /* Assets.xcassets */; };
		EBF8A54721EDE2F700B69988 /* LaunchScreen.storyboard in Resources */ = {isa = PBXBuildFile; fileRef = EBF8A54521EDE2F700B69988 /* LaunchScreen.storyboard */; };
/* End PBXBuildFile section */

/* Begin PBXFileReference section */
		0DB4052EB3B237DA68225F49 /* Pods-Todoey.debug.xcconfig */ = {isa = PBXFileReference; includeInIndex = 1; lastKnownFileType = text.xcconfig; name = "Pods-Todoey.debug.xcconfig"; path = "Pods/Target Support Files/Pods-Todoey/Pods-Todoey.debug.xcconfig"; sourceTree = "<group>"; };
		5E6A0A974E8B511E9B3651C9 /* Pods-Todoey.release.xcconfig */ = {isa = PBXFileReference; includeInIndex = 1; lastKnownFileType = text.xcconfig; name = "Pods-Todoey.release.xcconfig"; path = "Pods/Target Support Files/Pods-Todoey/Pods-Todoey.release.xcconfig"; sourceTree = "<group>"; };
		88079D8F21F1A2D2003870D0 /* Data.swift */ = {isa = PBXFileReference; lastKnownFileType = sourcecode.swift; path = Data.swift; sourceTree = "<group>"; };
		886166ED21EEB5FD002EF209 /* Default-568h@2x.png */ = {isa = PBXFileReference; lastKnownFileType = image.png; path = "Default-568h@2x.png"; sourceTree = "<group>"; };
		D4532C1B41EA8F0579A54620 /* Pods_Todoey.framework */ = {isa = PBXFileReference; explicitFileType = wrapper.framework; includeInIndex = 0; path = Pods_Todoey.framework; sourceTree = BUILT_PRODUCTS_DIR; };
		EB8C6D6321F09350007519C7 /* CategoryViewController.swift */ = {isa = PBXFileReference; lastKnownFileType = sourcecode.swift; path = CategoryViewController.swift; sourceTree = "<group>"; };
		EBB39ADD21EF4420000A8F13 /* DataModel.xcdatamodel */ = {isa = PBXFileReference; lastKnownFileType = wrapper.xcdatamodel; path = DataModel.xcdatamodel; sourceTree = "<group>"; };
		EBF8A53921EDE2F700B69988 /* Todoey.app */ = {isa = PBXFileReference; explicitFileType = wrapper.application; includeInIndex = 0; path = Todoey.app; sourceTree = BUILT_PRODUCTS_DIR; };
		EBF8A53C21EDE2F700B69988 /* AppDelegate.swift */ = {isa = PBXFileReference; lastKnownFileType = sourcecode.swift; path = AppDelegate.swift; sourceTree = "<group>"; };
		EBF8A53E21EDE2F700B69988 /* TodoListViewController.swift */ = {isa = PBXFileReference; lastKnownFileType = sourcecode.swift; path = TodoListViewController.swift; sourceTree = "<group>"; };
		EBF8A54121EDE2F700B69988 /* Base */ = {isa = PBXFileReference; lastKnownFileType = file.storyboard; name = Base; path = Base.lproj/Main.storyboard; sourceTree = "<group>"; };
		EBF8A54321EDE2F700B69988 /* Assets.xcassets */ = {isa = PBXFileReference; lastKnownFileType = folder.assetcatalog; path = Assets.xcassets; sourceTree = "<group>"; };
		EBF8A54621EDE2F700B69988 /* Base */ = {isa = PBXFileReference; lastKnownFileType = file.storyboard; name = Base; path = Base.lproj/LaunchScreen.storyboard; sourceTree = "<group>"; };
		EBF8A54821EDE2F700B69988 /* Info.plist */ = {isa = PBXFileReference; lastKnownFileType = text.plist.xml; path = Info.plist; sourceTree = "<group>"; };
/* End PBXFileReference section */

/* Begin PBXFrameworksBuildPhase section */
		EBF8A53621EDE2F600B69988 /* Frameworks */ = {
			isa = PBXFrameworksBuildPhase;
			buildActionMask = 2147483647;
			files = (
				4E569C95454E4686412FC8D7 /* Pods_Todoey.framework in Frameworks */,
			);
			runOnlyForDeploymentPostprocessing = 0;
		};
/* End PBXFrameworksBuildPhase section */

/* Begin PBXGroup section */
		886166E721EEB36D002EF209 /* Controllers */ = {
			isa = PBXGroup;
			children = (
				EB8C6D6321F09350007519C7 /* CategoryViewController.swift */,
				EBF8A53E21EDE2F700B69988 /* TodoListViewController.swift */,
			);
			path = Controllers;
			sourceTree = "<group>";
		};
		886166E821EEB38D002EF209 /* Model */ = {
			isa = PBXGroup;
			children = (
				EBB39ADC21EF4420000A8F13 /* DataModel.xcdatamodeld */,
				88079D8F21F1A2D2003870D0 /* Data.swift */,
			);
			path = Model;
			sourceTree = "<group>";
		};
		886166E921EEB3A4002EF209 /* Views */ = {
			isa = PBXGroup;
			children = (
				EBF8A54021EDE2F700B69988 /* Main.storyboard */,
			);
			path = Views;
			sourceTree = "<group>";
		};
		886166EA21EEB3DF002EF209 /* Supporting Files */ = {
			isa = PBXGroup;
			children = (
				EBF8A54321EDE2F700B69988 /* Assets.xcassets */,
				EBF8A54521EDE2F700B69988 /* LaunchScreen.storyboard */,
			);
			path = "Supporting Files";
			sourceTree = "<group>";
		};
		C2F378BF2FF87E7B3F63F4D3 /* Frameworks */ = {
			isa = PBXGroup;
			children = (
				D4532C1B41EA8F0579A54620 /* Pods_Todoey.framework */,
			);
			name = Frameworks;
			sourceTree = "<group>";
		};
		DD5B41E163899630D6ADD9E6 /* Pods */ = {
			isa = PBXGroup;
			children = (
				0DB4052EB3B237DA68225F49 /* Pods-Todoey.debug.xcconfig */,
				5E6A0A974E8B511E9B3651C9 /* Pods-Todoey.release.xcconfig */,
			);
			name = Pods;
			sourceTree = "<group>";
		};
		EBF8A53021EDE2F600B69988 = {
			isa = PBXGroup;
			children = (
				886166ED21EEB5FD002EF209 /* Default-568h@2x.png */,
				EBF8A53B21EDE2F700B69988 /* Todoey */,
				EBF8A53A21EDE2F700B69988 /* Products */,
				DD5B41E163899630D6ADD9E6 /* Pods */,
				C2F378BF2FF87E7B3F63F4D3 /* Frameworks */,
			);
			sourceTree = "<group>";
		};
		EBF8A53A21EDE2F700B69988 /* Products */ = {
			isa = PBXGroup;
			children = (
				EBF8A53921EDE2F700B69988 /* Todoey.app */,
			);
			name = Products;
			sourceTree = "<group>";
		};
		EBF8A53B21EDE2F700B69988 /* Todoey */ = {
			isa = PBXGroup;
			children = (
				EBF8A53C21EDE2F700B69988 /* AppDelegate.swift */,
				EBF8A54821EDE2F700B69988 /* Info.plist */,
				886166E821EEB38D002EF209 /* Model */,
				886166E921EEB3A4002EF209 /* Views */,
				886166E721EEB36D002EF209 /* Controllers */,
				886166EA21EEB3DF002EF209 /* Supporting Files */,
			);
			path = Todoey;
			sourceTree = "<group>";
		};
/* End PBXGroup section */

/* Begin PBXNativeTarget section */
		EBF8A53821EDE2F600B69988 /* Todoey */ = {
			isa = PBXNativeTarget;
			buildConfigurationList = EBF8A54B21EDE2F700B69988 /* Build configuration list for PBXNativeTarget "Todoey" */;
			buildPhases = (
				BE4A42E8226E15D3D0F6B970 /* [CP] Check Pods Manifest.lock */,
				EBF8A53521EDE2F600B69988 /* Sources */,
				EBF8A53621EDE2F600B69988 /* Frameworks */,
				EBF8A53721EDE2F600B69988 /* Resources */,
				D9194237B35AF4086332C8CC /* [CP] Embed Pods Frameworks */,
			);
			buildRules = (
			);
			dependencies = (
			);
			name = Todoey;
			productName = Todoey;
			productReference = EBF8A53921EDE2F700B69988 /* Todoey.app */;
			productType = "com.apple.product-type.application";
		};
/* End PBXNativeTarget section */

/* Begin PBXProject section */
		EBF8A53121EDE2F600B69988 /* Project object */ = {
			isa = PBXProject;
			attributes = {
				LastSwiftUpdateCheck = 1010;
				LastUpgradeCheck = 1010;
				ORGANIZATIONNAME = "Jesse-Team";
				TargetAttributes = {
					EBF8A53821EDE2F600B69988 = {
						CreatedOnToolsVersion = 10.1;
					};
				};
			};
			buildConfigurationList = EBF8A53421EDE2F600B69988 /* Build configuration list for PBXProject "Todoey" */;
			compatibilityVersion = "Xcode 9.3";
			developmentRegion = en;
			hasScannedForEncodings = 0;
			knownRegions = (
				en,
				Base,
			);
			mainGroup = EBF8A53021EDE2F600B69988;
			productRefGroup = EBF8A53A21EDE2F700B69988 /* Products */;
			projectDirPath = "";
			projectRoot = "";
			targets = (
				EBF8A53821EDE2F600B69988 /* Todoey */,
			);
		};
/* End PBXProject section */

/* Begin PBXResourcesBuildPhase section */
		EBF8A53721EDE2F600B69988 /* Resources */ = {
			isa = PBXResourcesBuildPhase;
			buildActionMask = 2147483647;
			files = (
				EBF8A54721EDE2F700B69988 /* LaunchScreen.storyboard in Resources */,
				886166EE21EEB5FD002EF209 /* Default-568h@2x.png in Resources */,
				EBF8A54421EDE2F700B69988 /* Assets.xcassets in Resources */,
				EBF8A54221EDE2F700B69988 /* Main.storyboard in Resources */,
			);
			runOnlyForDeploymentPostprocessing = 0;
		};
/* End PBXResourcesBuildPhase section */

/* Begin PBXShellScriptBuildPhase section */
		BE4A42E8226E15D3D0F6B970 /* [CP] Check Pods Manifest.lock */ = {
			isa = PBXShellScriptBuildPhase;
			buildActionMask = 2147483647;
			files = (
			);
			inputFileListPaths = (
			);
			inputPaths = (
				"${PODS_PODFILE_DIR_PATH}/Podfile.lock",
				"${PODS_ROOT}/Manifest.lock",
			);
			name = "[CP] Check Pods Manifest.lock";
			outputFileListPaths = (
			);
			outputPaths = (
				"$(DERIVED_FILE_DIR)/Pods-Todoey-checkManifestLockResult.txt",
			);
			runOnlyForDeploymentPostprocessing = 0;
			shellPath = /bin/sh;
			shellScript = "diff \"${PODS_PODFILE_DIR_PATH}/Podfile.lock\" \"${PODS_ROOT}/Manifest.lock\" > /dev/null\nif [ $? != 0 ] ; then\n    # print error to STDERR\n    echo \"error: The sandbox is not in sync with the Podfile.lock. Run 'pod install' or update your CocoaPods installation.\" >&2\n    exit 1\nfi\n# This output is used by Xcode 'outputs' to avoid re-running this script phase.\necho \"SUCCESS\" > \"${SCRIPT_OUTPUT_FILE_0}\"\n";
			showEnvVarsInLog = 0;
		};
		D9194237B35AF4086332C8CC /* [CP] Embed Pods Frameworks */ = {
			isa = PBXShellScriptBuildPhase;
			buildActionMask = 2147483647;
			files = (
			);
			inputFileListPaths = (
			);
			inputPaths = (
				"${SRCROOT}/Pods/Target Support Files/Pods-Todoey/Pods-Todoey-frameworks.sh",
				"${BUILT_PRODUCTS_DIR}/Realm/Realm.framework",
				"${BUILT_PRODUCTS_DIR}/RealmSwift/RealmSwift.framework",
			);
			name = "[CP] Embed Pods Frameworks";
			outputFileListPaths = (
			);
			outputPaths = (
				"${TARGET_BUILD_DIR}/${FRAMEWORKS_FOLDER_PATH}/Realm.framework",
				"${TARGET_BUILD_DIR}/${FRAMEWORKS_FOLDER_PATH}/RealmSwift.framework",
			);
			runOnlyForDeploymentPostprocessing = 0;
			shellPath = /bin/sh;
			shellScript = "\"${SRCROOT}/Pods/Target Support Files/Pods-Todoey/Pods-Todoey-frameworks.sh\"\n";
			showEnvVarsInLog = 0;
		};
/* End PBXShellScriptBuildPhase section */

/* Begin PBXSourcesBuildPhase section */
		EBF8A53521EDE2F600B69988 /* Sources */ = {
			isa = PBXSourcesBuildPhase;
			buildActionMask = 2147483647;
			files = (
				EB8C6D6421F09350007519C7 /* CategoryViewController.swift in Sources */,
				88079D9021F1A2D2003870D0 /* Data.swift in Sources */,
				EBB39ADE21EF4420000A8F13 /* DataModel.xcdatamodeld in Sources */,
				EBF8A53F21EDE2F700B69988 /* TodoListViewController.swift in Sources */,
				EBF8A53D21EDE2F700B69988 /* AppDelegate.swift in Sources */,
			);
			runOnlyForDeploymentPostprocessing = 0;
		};
/* End PBXSourcesBuildPhase section */

/* Begin PBXVariantGroup section */
		EBF8A54021EDE2F700B69988 /* Main.storyboard */ = {
			isa = PBXVariantGroup;
			children = (
				EBF8A54121EDE2F700B69988 /* Base */,
			);
			name = Main.storyboard;
			sourceTree = "<group>";
		};
		EBF8A54521EDE2F700B69988 /* LaunchScreen.storyboard */ = {
			isa = PBXVariantGroup;
			children = (
				EBF8A54621EDE2F700B69988 /* Base */,
			);
			name = LaunchScreen.storyboard;
			sourceTree = "<group>";
		};
/* End PBXVariantGroup section */

/* Begin XCBuildConfiguration section */
		EBF8A54921EDE2F700B69988 /* Debug */ = {
			isa = XCBuildConfiguration;
			buildSettings = {
				ALWAYS_SEARCH_USER_PATHS = NO;
				CLANG_ANALYZER_NONNULL = YES;
				CLANG_ANALYZER_NUMBER_OBJECT_CONVERSION = YES_AGGRESSIVE;
				CLANG_CXX_LANGUAGE_STANDARD = "gnu++14";
				CLANG_CXX_LIBRARY = "libc++";
				CLANG_ENABLE_MODULES = YES;
				CLANG_ENABLE_OBJC_ARC = YES;
				CLANG_ENABLE_OBJC_WEAK = YES;
				CLANG_WARN_BLOCK_CAPTURE_AUTORELEASING = YES;
				CLANG_WARN_BOOL_CONVERSION = YES;
				CLANG_WARN_COMMA = YES;
				CLANG_WARN_CONSTANT_CONVERSION = YES;
				CLANG_WARN_DEPRECATED_OBJC_IMPLEMENTATIONS = YES;
				CLANG_WARN_DIRECT_OBJC_ISA_USAGE = YES_ERROR;
				CLANG_WARN_DOCUMENTATION_COMMENTS = YES;
				CLANG_WARN_EMPTY_BODY = YES;
				CLANG_WARN_ENUM_CONVERSION = YES;
				CLANG_WARN_INFINITE_RECURSION = YES;
				CLANG_WARN_INT_CONVERSION = YES;
				CLANG_WARN_NON_LITERAL_NULL_CONVERSION = YES;
				CLANG_WARN_OBJC_IMPLICIT_RETAIN_SELF = YES;
				CLANG_WARN_OBJC_LITERAL_CONVERSION = YES;
				CLANG_WARN_OBJC_ROOT_CLASS = YES_ERROR;
				CLANG_WARN_RANGE_LOOP_ANALYSIS = YES;
				CLANG_WARN_STRICT_PROTOTYPES = YES;
				CLANG_WARN_SUSPICIOUS_MOVE = YES;
				CLANG_WARN_UNGUARDED_AVAILABILITY = YES_AGGRESSIVE;
				CLANG_WARN_UNREACHABLE_CODE = YES;
				CLANG_WARN__DUPLICATE_METHOD_MATCH = YES;
				CODE_SIGN_IDENTITY = "iPhone Developer";
				COPY_PHASE_STRIP = NO;
				DEBUG_INFORMATION_FORMAT = dwarf;
				ENABLE_STRICT_OBJC_MSGSEND = YES;
				ENABLE_TESTABILITY = YES;
				GCC_C_LANGUAGE_STANDARD = gnu11;
				GCC_DYNAMIC_NO_PIC = NO;
				GCC_NO_COMMON_BLOCKS = YES;
				GCC_OPTIMIZATION_LEVEL = 0;
				GCC_PREPROCESSOR_DEFINITIONS = (
					"DEBUG=1",
					"$(inherited)",
				);
				GCC_WARN_64_TO_32_BIT_CONVERSION = YES;
				GCC_WARN_ABOUT_RETURN_TYPE = YES_ERROR;
				GCC_WARN_UNDECLARED_SELECTOR = YES;
				GCC_WARN_UNINITIALIZED_AUTOS = YES_AGGRESSIVE;
				GCC_WARN_UNUSED_FUNCTION = YES;
				GCC_WARN_UNUSED_VARIABLE = YES;
				IPHONEOS_DEPLOYMENT_TARGET = 12.1;
				MTL_ENABLE_DEBUG_INFO = INCLUDE_SOURCE;
				MTL_FAST_MATH = YES;
				ONLY_ACTIVE_ARCH = YES;
				SDKROOT = iphoneos;
				SWIFT_ACTIVE_COMPILATION_CONDITIONS = DEBUG;
				SWIFT_OPTIMIZATION_LEVEL = "-Onone";
			};
			name = Debug;
		};
		EBF8A54A21EDE2F700B69988 /* Release */ = {
			isa = XCBuildConfiguration;
			buildSettings = {
				ALWAYS_SEARCH_USER_PATHS = NO;
				CLANG_ANALYZER_NONNULL = YES;
				CLANG_ANALYZER_NUMBER_OBJECT_CONVERSION = YES_AGGRESSIVE;
				CLANG_CXX_LANGUAGE_STANDARD = "gnu++14";
				CLANG_CXX_LIBRARY = "libc++";
				CLANG_ENABLE_MODULES = YES;
				CLANG_ENABLE_OBJC_ARC = YES;
				CLANG_ENABLE_OBJC_WEAK = YES;
				CLANG_WARN_BLOCK_CAPTURE_AUTORELEASING = YES;
				CLANG_WARN_BOOL_CONVERSION = YES;
				CLANG_WARN_COMMA = YES;
				CLANG_WARN_CONSTANT_CONVERSION = YES;
				CLANG_WARN_DEPRECATED_OBJC_IMPLEMENTATIONS = YES;
				CLANG_WARN_DIRECT_OBJC_ISA_USAGE = YES_ERROR;
				CLANG_WARN_DOCUMENTATION_COMMENTS = YES;
				CLANG_WARN_EMPTY_BODY = YES;
				CLANG_WARN_ENUM_CONVERSION = YES;
				CLANG_WARN_INFINITE_RECURSION = YES;
				CLANG_WARN_INT_CONVERSION = YES;
				CLANG_WARN_NON_LITERAL_NULL_CONVERSION = YES;
				CLANG_WARN_OBJC_IMPLICIT_RETAIN_SELF = YES;
				CLANG_WARN_OBJC_LITERAL_CONVERSION = YES;
				CLANG_WARN_OBJC_ROOT_CLASS = YES_ERROR;
				CLANG_WARN_RANGE_LOOP_ANALYSIS = YES;
				CLANG_WARN_STRICT_PROTOTYPES = YES;
				CLANG_WARN_SUSPICIOUS_MOVE = YES;
				CLANG_WARN_UNGUARDED_AVAILABILITY = YES_AGGRESSIVE;
				CLANG_WARN_UNREACHABLE_CODE = YES;
				CLANG_WARN__DUPLICATE_METHOD_MATCH = YES;
				CODE_SIGN_IDENTITY = "iPhone Developer";
				COPY_PHASE_STRIP = NO;
				DEBUG_INFORMATION_FORMAT = "dwarf-with-dsym";
				ENABLE_NS_ASSERTIONS = NO;
				ENABLE_STRICT_OBJC_MSGSEND = YES;
				GCC_C_LANGUAGE_STANDARD = gnu11;
				GCC_NO_COMMON_BLOCKS = YES;
				GCC_WARN_64_TO_32_BIT_CONVERSION = YES;
				GCC_WARN_ABOUT_RETURN_TYPE = YES_ERROR;
				GCC_WARN_UNDECLARED_SELECTOR = YES;
				GCC_WARN_UNINITIALIZED_AUTOS = YES_AGGRESSIVE;
				GCC_WARN_UNUSED_FUNCTION = YES;
				GCC_WARN_UNUSED_VARIABLE = YES;
				IPHONEOS_DEPLOYMENT_TARGET = 12.1;
				MTL_ENABLE_DEBUG_INFO = NO;
				MTL_FAST_MATH = YES;
				SDKROOT = iphoneos;
				SWIFT_COMPILATION_MODE = wholemodule;
				SWIFT_OPTIMIZATION_LEVEL = "-O";
				VALIDATE_PRODUCT = YES;
			};
			name = Release;
		};
		EBF8A54C21EDE2F700B69988 /* Debug */ = {
			isa = XCBuildConfiguration;
			baseConfigurationReference = 0DB4052EB3B237DA68225F49 /* Pods-Todoey.debug.xcconfig */;
			buildSettings = {
				ASSETCATALOG_COMPILER_APPICON_NAME = AppIcon;
				CODE_SIGN_STYLE = Automatic;
				DEVELOPMENT_TEAM = 4FV4G2GPPB;
				INFOPLIST_FILE = Todoey/Info.plist;
				IPHONEOS_DEPLOYMENT_TARGET = 12.0;
				LD_RUNPATH_SEARCH_PATHS = (
					"$(inherited)",
					"@executable_path/Frameworks",
				);
				PRODUCT_BUNDLE_IDENTIFIER = "Jesse-Team-ID.Todoey";
				PRODUCT_NAME = "$(TARGET_NAME)";
				SWIFT_VERSION = 4.2;
				TARGETED_DEVICE_FAMILY = 1;
			};
			name = Debug;
		};
		EBF8A54D21EDE2F700B69988 /* Release */ = {
			isa = XCBuildConfiguration;
			baseConfigurationReference = 5E6A0A974E8B511E9B3651C9 /* Pods-Todoey.release.xcconfig */;
			buildSettings = {
				ASSETCATALOG_COMPILER_APPICON_NAME = AppIcon;
				CODE_SIGN_STYLE = Automatic;
				DEVELOPMENT_TEAM = 4FV4G2GPPB;
				INFOPLIST_FILE = Todoey/Info.plist;
				IPHONEOS_DEPLOYMENT_TARGET = 12.0;
				LD_RUNPATH_SEARCH_PATHS = (
					"$(inherited)",
					"@executable_path/Frameworks",
				);
				PRODUCT_BUNDLE_IDENTIFIER = "Jesse-Team-ID.Todoey";
				PRODUCT_NAME = "$(TARGET_NAME)";
				SWIFT_VERSION = 4.2;
				TARGETED_DEVICE_FAMILY = 1;
			};
			name = Release;
		};
/* End XCBuildConfiguration section */

/* Begin XCConfigurationList section */
		EBF8A53421EDE2F600B69988 /* Build configuration list for PBXProject "Todoey" */ = {
			isa = XCConfigurationList;
			buildConfigurations = (
				EBF8A54921EDE2F700B69988 /* Debug */,
				EBF8A54A21EDE2F700B69988 /* Release */,
			);
			defaultConfigurationIsVisible = 0;
			defaultConfigurationName = Release;
		};
		EBF8A54B21EDE2F700B69988 /* Build configuration list for PBXNativeTarget "Todoey" */ = {
			isa = XCConfigurationList;
			buildConfigurations = (
				EBF8A54C21EDE2F700B69988 /* Debug */,
				EBF8A54D21EDE2F700B69988 /* Release */,
			);
			defaultConfigurationIsVisible = 0;
			defaultConfigurationName = Release;
		};
/* End XCConfigurationList section */

/* Begin XCVersionGroup section */
		EBB39ADC21EF4420000A8F13 /* DataModel.xcdatamodeld */ = {
			isa = XCVersionGroup;
			children = (
				EBB39ADD21EF4420000A8F13 /* DataModel.xcdatamodel */,
			);
			currentVersion = EBB39ADD21EF4420000A8F13 /* DataModel.xcdatamodel */;
			path = DataModel.xcdatamodeld;
			sourceTree = "<group>";
			versionGroupType = wrapper.xcdatamodel;
		};
/* End XCVersionGroup section */
	};
	rootObject = EBF8A53121EDE2F600B69988 /* Project object */;
}
